{
  "nodes": {
    "nixpkgs": {
      "locked": {
        "lastModified": 1629445995,
        "narHash": "sha256-Kc3ro3Df1Wn7p1EkZ1kbJR6UU1U0TB6RKaf+hpXfsys=",
        "owner": "NixOS",
        "repo": "nixpkgs",
        "rev": "4e07a002c3a81cd39dc999d0f98b906fb3a718bd",
        "type": "github"
      },
      "original": {
        "id": "nixpkgs",
        "type": "indirect"
      }
    },
    "root": {
      "inputs": {
        "nixpkgs": "nixpkgs",
        "utils": "utils"
      }
    },
    "utils": {
      "locked": {
        "lastModified": 1629284811,
        "narHash": "sha256-JHgasjPR0/J1J3DRm4KxM4zTyAj4IOJY8vIl75v/kPI=",
        "owner": "numtide",
        "repo": "flake-utils",
        "rev": "c5d161cc0af116a2e17f54316f0bf43f0819785c",
        "type": "github"
      },
      "original": {
        "owner": "numtide",
        "repo": "flake-utils",
        "type": "github"
      }
    }
  },
  "root": "root",
  "version": 7
}
